PODS:
  - ReSwift (4.1.1)
  - ReSwiftThunk (1.1.0):
    - ReSwift (~> 4.0)
    - ReSwiftThunk/Core (= 1.1.0)
  - ReSwiftThunk/Core (1.1.0):
    - ReSwift (~> 4.0)
  - ReSwiftThunk/ExpectThunk (1.1.0):
    - ReSwift (~> 4.0)
    - ReSwiftThunk/Core

DEPENDENCIES:
  - "ReSwiftThunk (from `git@github.com:jjgp/ReSwift-Thunk.git`, branch `expect-thunk-proposal`)"
  - "ReSwiftThunk/ExpectThunk (from `git@github.com:jjgp/ReSwift-Thunk.git`, branch `expect-thunk-proposal`)"

SPEC REPOS:
  https://github.com/cocoapods/specs.git:
    - ReSwift

EXTERNAL SOURCES:
  ReSwiftThunk:
    :branch: expect-thunk-proposal
    :git: "git@github.com:jjgp/ReSwift-Thunk.git"

CHECKOUT OPTIONS:
  ReSwiftThunk:
    :commit: 0922abe22332eded673b9e480575dce6572410f6
    :git: "git@github.com:jjgp/ReSwift-Thunk.git"

SPEC CHECKSUMS:
  ReSwift: d925be0033558f55bd73d92869961230dfe19d52
  ReSwiftThunk: 455a8144fe778fb35c5c04c4d8e58c8f6d155ee2

PODFILE CHECKSUM: c0723c8784fec7fc7d3b554d7b002227dc11e605

COCOAPODS: 1.6.1
