// !$*UTF8*$!
{
	archiveVersion = 1;
	classes = {
	};
	objectVersion = 50;
	objects = {

/* Begin PBXBuildFile section */
		A402DD2B062C4BB4AEB7DEBD /* libPods-ExpectThunkDemoTests.a in Frameworks */ = {isa = PBXBuildFile; fileRef = 51BE0C6341596438B411E092 /* libPods-ExpectThunkDemoTests.a */; };
		D28DCE7A221CF6B600707E3C /* AppDelegate.swift in Sources */ = {isa = PBXBuildFile; fileRef = D28DCE79221CF6B600707E3C /* AppDelegate.swift */; };
		D28DCE7C221CF6B600707E3C /* ViewController.swift in Sources */ = {isa = PBXBuildFile; fileRef = D28DCE7B221CF6B600707E3C /* ViewController.swift */; };
		D28DCE7F221CF6B600707E3C /* Main.storyboard in Resources */ = {isa = PBXBuildFile; fileRef = D28DCE7D221CF6B600707E3C /* Main.storyboard */; };
		D28DCE81221CF6B700707E3C /* Assets.xcassets in Resources */ = {isa = PBXBuildFile; fileRef = D28DCE80221CF6B700707E3C /* Assets.xcassets */; };
		D28DCE84221CF6B700707E3C /* LaunchScreen.storyboard in Resources */ = {isa = PBXBuildFile; fileRef = D28DCE82221CF6B700707E3C /* LaunchScreen.storyboard */; };
		D28DCE8F221CF6B700707E3C /* ExpectThunkDemoTests.swift in Sources */ = {isa = PBXBuildFile; fileRef = D28DCE8E221CF6B700707E3C /* ExpectThunkDemoTests.swift */; };
		E43050B6AA9D522F79E396FD /* Pods_ExpectThunkDemo.framework in Frameworks */ = {isa = PBXBuildFile; fileRef = E2C586394FE8F34E7FE686AF /* Pods_ExpectThunkDemo.framework */; };
/* End PBXBuildFile section */

/* Begin PBXContainerItemProxy section */
		D28DCE8B221CF6B700707E3C /* PBXContainerItemProxy */ = {
			isa = PBXContainerItemProxy;
			containerPortal = D28DCE6E221CF6B600707E3C /* Project object */;
			proxyType = 1;
			remoteGlobalIDString = D28DCE75221CF6B600707E3C;
			remoteInfo = ExpectThunkDemo;
		};
/* End PBXContainerItemProxy section */

/* Begin PBXFileReference section */
		3ECE769346C188992266EA7A /* Pods-ExpectThunkDemo.debug.xcconfig */ = {isa = PBXFileReference; includeInIndex = 1; lastKnownFileType = text.xcconfig; name = "Pods-ExpectThunkDemo.debug.xcconfig"; path = "Pods/Target Support Files/Pods-ExpectThunkDemo/Pods-ExpectThunkDemo.debug.xcconfig"; sourceTree = "<group>"; };
		51BE0C6341596438B411E092 /* libPods-ExpectThunkDemoTests.a */ = {isa = PBXFileReference; explicitFileType = archive.ar; includeInIndex = 0; path = "libPods-ExpectThunkDemoTests.a"; sourceTree = BUILT_PRODUCTS_DIR; };
		71DA6F2EDA02D7B5DF4EC009 /* Pods-ExpectThunkDemoTests.debug.xcconfig */ = {isa = PBXFileReference; includeInIndex = 1; lastKnownFileType = text.xcconfig; name = "Pods-ExpectThunkDemoTests.debug.xcconfig"; path = "Pods/Target Support Files/Pods-ExpectThunkDemoTests/Pods-ExpectThunkDemoTests.debug.xcconfig"; sourceTree = "<group>"; };
		7FE66D3F975F25AB072AB8C8 /* Pods-ExpectThunkDemoTests.release.xcconfig */ = {isa = PBXFileReference; includeInIndex = 1; lastKnownFileType = text.xcconfig; name = "Pods-ExpectThunkDemoTests.release.xcconfig"; path = "Pods/Target Support Files/Pods-ExpectThunkDemoTests/Pods-ExpectThunkDemoTests.release.xcconfig"; sourceTree = "<group>"; };
		D28DCE76221CF6B600707E3C /* ExpectThunkDemo.app */ = {isa = PBXFileReference; explicitFileType = wrapper.application; includeInIndex = 0; path = ExpectThunkDemo.app; sourceTree = BUILT_PRODUCTS_DIR; };
		D28DCE79221CF6B600707E3C /* AppDelegate.swift */ = {isa = PBXFileReference; lastKnownFileType = sourcecode.swift; path = AppDelegate.swift; sourceTree = "<group>"; };
		D28DCE7B221CF6B600707E3C /* ViewController.swift */ = {isa = PBXFileReference; lastKnownFileType = sourcecode.swift; path = ViewController.swift; sourceTree = "<group>"; };
		D28DCE7E221CF6B600707E3C /* Base */ = {isa = PBXFileReference; lastKnownFileType = file.storyboard; name = Base; path = Base.lproj/Main.storyboard; sourceTree = "<group>"; };
		D28DCE80221CF6B700707E3C /* Assets.xcassets */ = {isa = PBXFileReference; lastKnownFileType = folder.assetcatalog; path = Assets.xcassets; sourceTree = "<group>"; };
		D28DCE83221CF6B700707E3C /* Base */ = {isa = PBXFileReference; lastKnownFileType = file.storyboard; name = Base; path = Base.lproj/LaunchScreen.storyboard; sourceTree = "<group>"; };
		D28DCE85221CF6B700707E3C /* Info.plist */ = {isa = PBXFileReference; lastKnownFileType = text.plist.xml; path = Info.plist; sourceTree = "<group>"; };
		D28DCE8A221CF6B700707E3C /* ExpectThunkDemoTests.xctest */ = {isa = PBXFileReference; explicitFileType = wrapper.cfbundle; includeInIndex = 0; path = ExpectThunkDemoTests.xctest; sourceTree = BUILT_PRODUCTS_DIR; };
		D28DCE8E221CF6B700707E3C /* ExpectThunkDemoTests.swift */ = {isa = PBXFileReference; lastKnownFileType = sourcecode.swift; path = ExpectThunkDemoTests.swift; sourceTree = "<group>"; };
		D28DCE90221CF6B700707E3C /* Info.plist */ = {isa = PBXFileReference; lastKnownFileType = text.plist.xml; path = Info.plist; sourceTree = "<group>"; };
		E2C586394FE8F34E7FE686AF /* Pods_ExpectThunkDemo.framework */ = {isa = PBXFileReference; explicitFileType = wrapper.framework; includeInIndex = 0; path = Pods_ExpectThunkDemo.framework; sourceTree = BUILT_PRODUCTS_DIR; };
		F0C8FB35317DAE76B44EC4A0 /* Pods-ExpectThunkDemo.release.xcconfig */ = {isa = PBXFileReference; includeInIndex = 1; lastKnownFileType = text.xcconfig; name = "Pods-ExpectThunkDemo.release.xcconfig"; path = "Pods/Target Support Files/Pods-ExpectThunkDemo/Pods-ExpectThunkDemo.release.xcconfig"; sourceTree = "<group>"; };
/* End PBXFileReference section */

/* Begin PBXFrameworksBuildPhase section */
		D28DCE73221CF6B600707E3C /* Frameworks */ = {
			isa = PBXFrameworksBuildPhase;
			buildActionMask = 2147483647;
			files = (
				E43050B6AA9D522F79E396FD /* Pods_ExpectThunkDemo.framework in Frameworks */,
			);
			runOnlyForDeploymentPostprocessing = 0;
		};
		D28DCE87221CF6B700707E3C /* Frameworks */ = {
			isa = PBXFrameworksBuildPhase;
			buildActionMask = 2147483647;
			files = (
				A402DD2B062C4BB4AEB7DEBD /* libPods-ExpectThunkDemoTests.a in Frameworks */,
			);
			runOnlyForDeploymentPostprocessing = 0;
		};
/* End PBXFrameworksBuildPhase section */

/* Begin PBXGroup section */
		501A9888C419B3D1CF1AE226 /* Pods */ = {
			isa = PBXGroup;
			children = (
				3ECE769346C188992266EA7A /* Pods-ExpectThunkDemo.debug.xcconfig */,
				F0C8FB35317DAE76B44EC4A0 /* Pods-ExpectThunkDemo.release.xcconfig */,
				71DA6F2EDA02D7B5DF4EC009 /* Pods-ExpectThunkDemoTests.debug.xcconfig */,
				7FE66D3F975F25AB072AB8C8 /* Pods-ExpectThunkDemoTests.release.xcconfig */,
			);
			name = Pods;
			sourceTree = "<group>";
		};
		D28DCE6D221CF6B600707E3C = {
			isa = PBXGroup;
			children = (
				D28DCE78221CF6B600707E3C /* ExpectThunkDemo */,
				D28DCE8D221CF6B700707E3C /* ExpectThunkDemoTests */,
				D28DCE77221CF6B600707E3C /* Products */,
				501A9888C419B3D1CF1AE226 /* Pods */,
				FC48E6A624634C47026F1FC6 /* Frameworks */,
			);
			sourceTree = "<group>";
		};
		D28DCE77221CF6B600707E3C /* Products */ = {
			isa = PBXGroup;
			children = (
				D28DCE76221CF6B600707E3C /* ExpectThunkDemo.app */,
				D28DCE8A221CF6B700707E3C /* ExpectThunkDemoTests.xctest */,
			);
			name = Products;
			sourceTree = "<group>";
		};
		D28DCE78221CF6B600707E3C /* ExpectThunkDemo */ = {
			isa = PBXGroup;
			children = (
				D28DCE79221CF6B600707E3C /* AppDelegate.swift */,
				D28DCE7B221CF6B600707E3C /* ViewController.swift */,
				D28DCE7D221CF6B600707E3C /* Main.storyboard */,
				D28DCE80221CF6B700707E3C /* Assets.xcassets */,
				D28DCE82221CF6B700707E3C /* LaunchScreen.storyboard */,
				D28DCE85221CF6B700707E3C /* Info.plist */,
			);
			path = ExpectThunkDemo;
			sourceTree = "<group>";
		};
		D28DCE8D221CF6B700707E3C /* ExpectThunkDemoTests */ = {
			isa = PBXGroup;
			children = (
				D28DCE8E221CF6B700707E3C /* ExpectThunkDemoTests.swift */,
				D28DCE90221CF6B700707E3C /* Info.plist */,
			);
			path = ExpectThunkDemoTests;
			sourceTree = "<group>";
		};
		FC48E6A624634C47026F1FC6 /* Frameworks */ = {
			isa = PBXGroup;
			children = (
				E2C586394FE8F34E7FE686AF /* Pods_ExpectThunkDemo.framework */,
				51BE0C6341596438B411E092 /* libPods-ExpectThunkDemoTests.a */,
			);
			name = Frameworks;
			sourceTree = "<group>";
		};
/* End PBXGroup section */

/* Begin PBXNativeTarget section */
		D28DCE75221CF6B600707E3C /* ExpectThunkDemo */ = {
			isa = PBXNativeTarget;
			buildConfigurationList = D28DCE93221CF6B700707E3C /* Build configuration list for PBXNativeTarget "ExpectThunkDemo" */;
			buildPhases = (
				4B7DF055D3B8E132F5A49D40 /* [CP] Check Pods Manifest.lock */,
				D28DCE72221CF6B600707E3C /* Sources */,
				D28DCE73221CF6B600707E3C /* Frameworks */,
				D28DCE74221CF6B600707E3C /* Resources */,
				95AE609D796C4084135F999D /* [CP] Embed Pods Frameworks */,
			);
			buildRules = (
			);
			dependencies = (
			);
			name = ExpectThunkDemo;
			productName = ExpectThunkDemo;
			productReference = D28DCE76221CF6B600707E3C /* ExpectThunkDemo.app */;
			productType = "com.apple.product-type.application";
		};
		D28DCE89221CF6B700707E3C /* ExpectThunkDemoTests */ = {
			isa = PBXNativeTarget;
			buildConfigurationList = D28DCE96221CF6B700707E3C /* Build configuration list for PBXNativeTarget "ExpectThunkDemoTests" */;
			buildPhases = (
				528775ECEA909B9EC6B35F79 /* [CP] Check Pods Manifest.lock */,
				D28DCE86221CF6B700707E3C /* Sources */,
				D28DCE87221CF6B700707E3C /* Frameworks */,
				D28DCE88221CF6B700707E3C /* Resources */,
			);
			buildRules = (
			);
			dependencies = (
				D28DCE8C221CF6B700707E3C /* PBXTargetDependency */,
			);
			name = ExpectThunkDemoTests;
			productName = ExpectThunkDemoTests;
			productReference = D28DCE8A221CF6B700707E3C /* ExpectThunkDemoTests.xctest */;
			productType = "com.apple.product-type.bundle.unit-test";
		};
/* End PBXNativeTarget section */

/* Begin PBXProject section */
		D28DCE6E221CF6B600707E3C /* Project object */ = {
			isa = PBXProject;
			attributes = {
				LastSwiftUpdateCheck = 1010;
				LastUpgradeCheck = 1010;
				ORGANIZATIONNAME = jjgp;
				TargetAttributes = {
					D28DCE75221CF6B600707E3C = {
						CreatedOnToolsVersion = 10.1;
					};
					D28DCE89221CF6B700707E3C = {
						CreatedOnToolsVersion = 10.1;
						TestTargetID = D28DCE75221CF6B600707E3C;
					};
				};
			};
			buildConfigurationList = D28DCE71221CF6B600707E3C /* Build configuration list for PBXProject "ExpectThunkDemo" */;
			compatibilityVersion = "Xcode 9.3";
			developmentRegion = en;
			hasScannedForEncodings = 0;
			knownRegions = (
				en,
				Base,
			);
			mainGroup = D28DCE6D221CF6B600707E3C;
			productRefGroup = D28DCE77221CF6B600707E3C /* Products */;
			projectDirPath = "";
			projectRoot = "";
			targets = (
				D28DCE75221CF6B600707E3C /* ExpectThunkDemo */,
				D28DCE89221CF6B700707E3C /* ExpectThunkDemoTests */,
			);
		};
/* End PBXProject section */

/* Begin PBXResourcesBuildPhase section */
		D28DCE74221CF6B600707E3C /* Resources */ = {
			isa = PBXResourcesBuildPhase;
			buildActionMask = 2147483647;
			files = (
				D28DCE84221CF6B700707E3C /* LaunchScreen.storyboard in Resources */,
				D28DCE81221CF6B700707E3C /* Assets.xcassets in Resources */,
				D28DCE7F221CF6B600707E3C /* Main.storyboard in Resources */,
			);
			runOnlyForDeploymentPostprocessing = 0;
		};
		D28DCE88221CF6B700707E3C /* Resources */ = {
			isa = PBXResourcesBuildPhase;
			buildActionMask = 2147483647;
			files = (
			);
			runOnlyForDeploymentPostprocessing = 0;
		};
/* End PBXResourcesBuildPhase section */

/* Begin PBXShellScriptBuildPhase section */
		4B7DF055D3B8E132F5A49D40 /* [CP] Check Pods Manifest.lock */ = {
			isa = PBXShellScriptBuildPhase;
			buildActionMask = 2147483647;
			files = (
			);
			inputFileListPaths = (
			);
			inputPaths = (
				"${PODS_PODFILE_DIR_PATH}/Podfile.lock",
				"${PODS_ROOT}/Manifest.lock",
			);
			name = "[CP] Check Pods Manifest.lock";
			outputFileListPaths = (
			);
			outputPaths = (
				"$(DERIVED_FILE_DIR)/Pods-ExpectThunkDemo-checkManifestLockResult.txt",
			);
			runOnlyForDeploymentPostprocessing = 0;
			shellPath = /bin/sh;
			shellScript = "diff \"${PODS_PODFILE_DIR_PATH}/Podfile.lock\" \"${PODS_ROOT}/Manifest.lock\" > /dev/null\nif [ $? != 0 ] ; then\n    # print error to STDERR\n    echo \"error: The sandbox is not in sync with the Podfile.lock. Run 'pod install' or update your CocoaPods installation.\" >&2\n    exit 1\nfi\n# This output is used by Xcode 'outputs' to avoid re-running this script phase.\necho \"SUCCESS\" > \"${SCRIPT_OUTPUT_FILE_0}\"\n";
			showEnvVarsInLog = 0;
		};
		528775ECEA909B9EC6B35F79 /* [CP] Check Pods Manifest.lock */ = {
			isa = PBXShellScriptBuildPhase;
			buildActionMask = 2147483647;
			files = (
			);
			inputFileListPaths = (
			);
			inputPaths = (
				"${PODS_PODFILE_DIR_PATH}/Podfile.lock",
				"${PODS_ROOT}/Manifest.lock",
			);
			name = "[CP] Check Pods Manifest.lock";
			outputFileListPaths = (
			);
			outputPaths = (
				"$(DERIVED_FILE_DIR)/Pods-ExpectThunkDemoTests-checkManifestLockResult.txt",
			);
			runOnlyForDeploymentPostprocessing = 0;
			shellPath = /bin/sh;
			shellScript = "diff \"${PODS_PODFILE_DIR_PATH}/Podfile.lock\" \"${PODS_ROOT}/Manifest.lock\" > /dev/null\nif [ $? != 0 ] ; then\n    # print error to STDERR\n    echo \"error: The sandbox is not in sync with the Podfile.lock. Run 'pod install' or update your CocoaPods installation.\" >&2\n    exit 1\nfi\n# This output is used by Xcode 'outputs' to avoid re-running this script phase.\necho \"SUCCESS\" > \"${SCRIPT_OUTPUT_FILE_0}\"\n";
			showEnvVarsInLog = 0;
		};
		95AE609D796C4084135F999D /* [CP] Embed Pods Frameworks */ = {
			isa = PBXShellScriptBuildPhase;
			buildActionMask = 2147483647;
			files = (
			);
			inputFileListPaths = (
			);
			inputPaths = (
				"${PODS_ROOT}/Target Support Files/Pods-ExpectThunkDemo/Pods-ExpectThunkDemo-frameworks.sh",
				"${BUILT_PRODUCTS_DIR}/ReSwift-framework/ReSwift.framework",
				"${BUILT_PRODUCTS_DIR}/ReSwiftThunk/ReSwiftThunk.framework",
			);
			name = "[CP] Embed Pods Frameworks";
			outputFileListPaths = (
			);
			outputPaths = (
				"${TARGET_BUILD_DIR}/${FRAMEWORKS_FOLDER_PATH}/ReSwift.framework",
				"${TARGET_BUILD_DIR}/${FRAMEWORKS_FOLDER_PATH}/ReSwiftThunk.framework",
			);
			runOnlyForDeploymentPostprocessing = 0;
			shellPath = /bin/sh;
			shellScript = "\"${PODS_ROOT}/Target Support Files/Pods-ExpectThunkDemo/Pods-ExpectThunkDemo-frameworks.sh\"\n";
			showEnvVarsInLog = 0;
		};
/* End PBXShellScriptBuildPhase section */

/* Begin PBXSourcesBuildPhase section */
		D28DCE72221CF6B600707E3C /* Sources */ = {
			isa = PBXSourcesBuildPhase;
			buildActionMask = 2147483647;
			files = (
				D28DCE7C221CF6B600707E3C /* ViewController.swift in Sources */,
				D28DCE7A221CF6B600707E3C /* AppDelegate.swift in Sources */,
			);
			runOnlyForDeploymentPostprocessing = 0;
		};
		D28DCE86221CF6B700707E3C /* Sources */ = {
			isa = PBXSourcesBuildPhase;
			buildActionMask = 2147483647;
			files = (
				D28DCE8F221CF6B700707E3C /* ExpectThunkDemoTests.swift in Sources */,
			);
			runOnlyForDeploymentPostprocessing = 0;
		};
/* End PBXSourcesBuildPhase section */

/* Begin PBXTargetDependency section */
		D28DCE8C221CF6B700707E3C /* PBXTargetDependency */ = {
			isa = PBXTargetDependency;
			target = D28DCE75221CF6B600707E3C /* ExpectThunkDemo */;
			targetProxy = D28DCE8B221CF6B700707E3C /* PBXContainerItemProxy */;
		};
/* End PBXTargetDependency section */

/* Begin PBXVariantGroup section */
		D28DCE7D221CF6B600707E3C /* Main.storyboard */ = {
			isa = PBXVariantGroup;
			children = (
				D28DCE7E221CF6B600707E3C /* Base */,
			);
			name = Main.storyboard;
			sourceTree = "<group>";
		};
		D28DCE82221CF6B700707E3C /* LaunchScreen.storyboard */ = {
			isa = PBXVariantGroup;
			children = (
				D28DCE83221CF6B700707E3C /* Base */,
			);
			name = LaunchScreen.storyboard;
			sourceTree = "<group>";
		};
/* End PBXVariantGroup section */

/* Begin XCBuildConfiguration section */
		D28DCE91221CF6B700707E3C /* Debug */ = {
			isa = XCBuildConfiguration;
			buildSettings = {
				ALWAYS_SEARCH_USER_PATHS = NO;
				CLANG_ANALYZER_NONNULL = YES;
				CLANG_ANALYZER_NUMBER_OBJECT_CONVERSION = YES_AGGRESSIVE;
				CLANG_CXX_LANGUAGE_STANDARD = "gnu++14";
				CLANG_CXX_LIBRARY = "libc++";
				CLANG_ENABLE_MODULES = YES;
				CLANG_ENABLE_OBJC_ARC = YES;
				CLANG_ENABLE_OBJC_WEAK = YES;
				CLANG_WARN_BLOCK_CAPTURE_AUTORELEASING = YES;
				CLANG_WARN_BOOL_CONVERSION = YES;
				CLANG_WARN_COMMA = YES;
				CLANG_WARN_CONSTANT_CONVERSION = YES;
				CLANG_WARN_DEPRECATED_OBJC_IMPLEMENTATIONS = YES;
				CLANG_WARN_DIRECT_OBJC_ISA_USAGE = YES_ERROR;
				CLANG_WARN_DOCUMENTATION_COMMENTS = YES;
				CLANG_WARN_EMPTY_BODY = YES;
				CLANG_WARN_ENUM_CONVERSION = YES;
				CLANG_WARN_INFINITE_RECURSION = YES;
				CLANG_WARN_INT_CONVERSION = YES;
				CLANG_WARN_NON_LITERAL_NULL_CONVERSION = YES;
				CLANG_WARN_OBJC_IMPLICIT_RETAIN_SELF = YES;
				CLANG_WARN_OBJC_LITERAL_CONVERSION = YES;
				CLANG_WARN_OBJC_ROOT_CLASS = YES_ERROR;
				CLANG_WARN_RANGE_LOOP_ANALYSIS = YES;
				CLANG_WARN_STRICT_PROTOTYPES = YES;
				CLANG_WARN_SUSPICIOUS_MOVE = YES;
				CLANG_WARN_UNGUARDED_AVAILABILITY = YES_AGGRESSIVE;
				CLANG_WARN_UNREACHABLE_CODE = YES;
				CLANG_WARN__DUPLICATE_METHOD_MATCH = YES;
				CODE_SIGN_IDENTITY = "iPhone Developer";
				COPY_PHASE_STRIP = NO;
				DEBUG_INFORMATION_FORMAT = dwarf;
				ENABLE_STRICT_OBJC_MSGSEND = YES;
				ENABLE_TESTABILITY = YES;
				GCC_C_LANGUAGE_STANDARD = gnu11;
				GCC_DYNAMIC_NO_PIC = NO;
				GCC_NO_COMMON_BLOCKS = YES;
				GCC_OPTIMIZATION_LEVEL = 0;
				GCC_PREPROCESSOR_DEFINITIONS = (
					"DEBUG=1",
					"$(inherited)",
				);
				GCC_WARN_64_TO_32_BIT_CONVERSION = YES;
				GCC_WARN_ABOUT_RETURN_TYPE = YES_ERROR;
				GCC_WARN_UNDECLARED_SELECTOR = YES;
				GCC_WARN_UNINITIALIZED_AUTOS = YES_AGGRESSIVE;
				GCC_WARN_UNUSED_FUNCTION = YES;
				GCC_WARN_UNUSED_VARIABLE = YES;
				IPHONEOS_DEPLOYMENT_TARGET = 12.1;
				MTL_ENABLE_DEBUG_INFO = INCLUDE_SOURCE;
				MTL_FAST_MATH = YES;
				ONLY_ACTIVE_ARCH = YES;
				SDKROOT = iphoneos;
				SWIFT_ACTIVE_COMPILATION_CONDITIONS = DEBUG;
				SWIFT_OPTIMIZATION_LEVEL = "-Onone";
			};
			name = Debug;
		};
		D28DCE92221CF6B700707E3C /* Release */ = {
			isa = XCBuildConfiguration;
			buildSettings = {
				ALWAYS_SEARCH_USER_PATHS = NO;
				CLANG_ANALYZER_NONNULL = YES;
				CLANG_ANALYZER_NUMBER_OBJECT_CONVERSION = YES_AGGRESSIVE;
				CLANG_CXX_LANGUAGE_STANDARD = "gnu++14";
				CLANG_CXX_LIBRARY = "libc++";
				CLANG_ENABLE_MODULES = YES;
				CLANG_ENABLE_OBJC_ARC = YES;
				CLANG_ENABLE_OBJC_WEAK = YES;
				CLANG_WARN_BLOCK_CAPTURE_AUTORELEASING = YES;
				CLANG_WARN_BOOL_CONVERSION = YES;
				CLANG_WARN_COMMA = YES;
				CLANG_WARN_CONSTANT_CONVERSION = YES;
				CLANG_WARN_DEPRECATED_OBJC_IMPLEMENTATIONS = YES;
				CLANG_WARN_DIRECT_OBJC_ISA_USAGE = YES_ERROR;
				CLANG_WARN_DOCUMENTATION_COMMENTS = YES;
				CLANG_WARN_EMPTY_BODY = YES;
				CLANG_WARN_ENUM_CONVERSION = YES;
				CLANG_WARN_INFINITE_RECURSION = YES;
				CLANG_WARN_INT_CONVERSION = YES;
				CLANG_WARN_NON_LITERAL_NULL_CONVERSION = YES;
				CLANG_WARN_OBJC_IMPLICIT_RETAIN_SELF = YES;
				CLANG_WARN_OBJC_LITERAL_CONVERSION = YES;
				CLANG_WARN_OBJC_ROOT_CLASS = YES_ERROR;
				CLANG_WARN_RANGE_LOOP_ANALYSIS = YES;
				CLANG_WARN_STRICT_PROTOTYPES = YES;
				CLANG_WARN_SUSPICIOUS_MOVE = YES;
				CLANG_WARN_UNGUARDED_AVAILABILITY = YES_AGGRESSIVE;
				CLANG_WARN_UNREACHABLE_CODE = YES;
				CLANG_WARN__DUPLICATE_METHOD_MATCH = YES;
				CODE_SIGN_IDENTITY = "iPhone Developer";
				COPY_PHASE_STRIP = NO;
				DEBUG_INFORMATION_FORMAT = "dwarf-with-dsym";
				ENABLE_NS_ASSERTIONS = NO;
				ENABLE_STRICT_OBJC_MSGSEND = YES;
				GCC_C_LANGUAGE_STANDARD = gnu11;
				GCC_NO_COMMON_BLOCKS = YES;
				GCC_WARN_64_TO_32_BIT_CONVERSION = YES;
				GCC_WARN_ABOUT_RETURN_TYPE = YES_ERROR;
				GCC_WARN_UNDECLARED_SELECTOR = YES;
				GCC_WARN_UNINITIALIZED_AUTOS = YES_AGGRESSIVE;
				GCC_WARN_UNUSED_FUNCTION = YES;
				GCC_WARN_UNUSED_VARIABLE = YES;
				IPHONEOS_DEPLOYMENT_TARGET = 12.1;
				MTL_ENABLE_DEBUG_INFO = NO;
				MTL_FAST_MATH = YES;
				SDKROOT = iphoneos;
				SWIFT_COMPILATION_MODE = wholemodule;
				SWIFT_OPTIMIZATION_LEVEL = "-O";
				VALIDATE_PRODUCT = YES;
			};
			name = Release;
		};
		D28DCE94221CF6B700707E3C /* Debug */ = {
			isa = XCBuildConfiguration;
			baseConfigurationReference = 3ECE769346C188992266EA7A /* Pods-ExpectThunkDemo.debug.xcconfig */;
			buildSettings = {
				ASSETCATALOG_COMPILER_APPICON_NAME = AppIcon;
				CODE_SIGN_STYLE = Automatic;
				DEVELOPMENT_TEAM = SZBVKVY4W2;
				INFOPLIST_FILE = ExpectThunkDemo/Info.plist;
				LD_RUNPATH_SEARCH_PATHS = (
					"$(inherited)",
					"@executable_path/Frameworks",
				);
				PRODUCT_BUNDLE_IDENTIFIER = com.ExpectThunkDemo;
				PRODUCT_NAME = "$(TARGET_NAME)";
				SWIFT_VERSION = 4.2;
				TARGETED_DEVICE_FAMILY = "1,2";
			};
			name = Debug;
		};
		D28DCE95221CF6B700707E3C /* Release */ = {
			isa = XCBuildConfiguration;
			baseConfigurationReference = F0C8FB35317DAE76B44EC4A0 /* Pods-ExpectThunkDemo.release.xcconfig */;
			buildSettings = {
				ASSETCATALOG_COMPILER_APPICON_NAME = AppIcon;
				CODE_SIGN_STYLE = Automatic;
				DEVELOPMENT_TEAM = SZBVKVY4W2;
				INFOPLIST_FILE = ExpectThunkDemo/Info.plist;
				LD_RUNPATH_SEARCH_PATHS = (
					"$(inherited)",
					"@executable_path/Frameworks",
				);
				PRODUCT_BUNDLE_IDENTIFIER = com.ExpectThunkDemo;
				PRODUCT_NAME = "$(TARGET_NAME)";
				SWIFT_VERSION = 4.2;
				TARGETED_DEVICE_FAMILY = "1,2";
			};
			name = Release;
		};
		D28DCE97221CF6B700707E3C /* Debug */ = {
			isa = XCBuildConfiguration;
			baseConfigurationReference = 71DA6F2EDA02D7B5DF4EC009 /* Pods-ExpectThunkDemoTests.debug.xcconfig */;
			buildSettings = {
				BUNDLE_LOADER = "$(TEST_HOST)";
				CODE_SIGN_STYLE = Automatic;
				DEVELOPMENT_TEAM = SZBVKVY4W2;
				INFOPLIST_FILE = ExpectThunkDemoTests/Info.plist;
				LD_RUNPATH_SEARCH_PATHS = (
					"$(inherited)",
					"@executable_path/Frameworks",
					"@loader_path/Frameworks",
				);
				PRODUCT_BUNDLE_IDENTIFIER = com.ExpectThunkDemoTests;
				PRODUCT_NAME = "$(TARGET_NAME)";
				SWIFT_VERSION = 4.2;
				TARGETED_DEVICE_FAMILY = "1,2";
				TEST_HOST = "$(BUILT_PRODUCTS_DIR)/ExpectThunkDemo.app/ExpectThunkDemo";
			};
			name = Debug;
		};
		D28DCE98221CF6B700707E3C /* Release */ = {
			isa = XCBuildConfiguration;
			baseConfigurationReference = 7FE66D3F975F25AB072AB8C8 /* Pods-ExpectThunkDemoTests.release.xcconfig */;
			buildSettings = {
				BUNDLE_LOADER = "$(TEST_HOST)";
				CODE_SIGN_STYLE = Automatic;
				DEVELOPMENT_TEAM = SZBVKVY4W2;
				INFOPLIST_FILE = ExpectThunkDemoTests/Info.plist;
				LD_RUNPATH_SEARCH_PATHS = (
					"$(inherited)",
					"@executable_path/Frameworks",
					"@loader_path/Frameworks",
				);
				PRODUCT_BUNDLE_IDENTIFIER = com.ExpectThunkDemoTests;
				PRODUCT_NAME = "$(TARGET_NAME)";
				SWIFT_VERSION = 4.2;
				TARGETED_DEVICE_FAMILY = "1,2";
				TEST_HOST = "$(BUILT_PRODUCTS_DIR)/ExpectThunkDemo.app/ExpectThunkDemo";
			};
			name = Release;
		};
/* End XCBuildConfiguration section */

/* Begin XCConfigurationList section */
		D28DCE71221CF6B600707E3C /* Build configuration list for PBXProject "ExpectThunkDemo" */ = {
			isa = XCConfigurationList;
			buildConfigurations = (
				D28DCE91221CF6B700707E3C /* Debug */,
				D28DCE92221CF6B700707E3C /* Release */,
			);
			defaultConfigurationIsVisible = 0;
			defaultConfigurationName = Release;
		};
		D28DCE93221CF6B700707E3C /* Build configuration list for PBXNativeTarget "ExpectThunkDemo" */ = {
			isa = XCConfigurationList;
			buildConfigurations = (
				D28DCE94221CF6B700707E3C /* Debug */,
				D28DCE95221CF6B700707E3C /* Release */,
			);
			defaultConfigurationIsVisible = 0;
			defaultConfigurationName = Release;
		};
		D28DCE96221CF6B700707E3C /* Build configuration list for PBXNativeTarget "ExpectThunkDemoTests" */ = {
			isa = XCConfigurationList;
			buildConfigurations = (
				D28DCE97221CF6B700707E3C /* Debug */,
				D28DCE98221CF6B700707E3C /* Release */,
			);
			defaultConfigurationIsVisible = 0;
			defaultConfigurationName = Release;
		};
/* End XCConfigurationList section */
	};
	rootObject = D28DCE6E221CF6B600707E3C /* Project object */;
}
